
Microsoft Visual Studio Solution File, Format Version 12.00
# Visual Studio Version 17
VisualStudioVersion = 17.14.36518.9 d17.14
MinimumVisualStudioVersion = 10.0.40219.1
Project("{FAE04EC0-301F-11D3-BF4B-00C04F79EFBC}") = "FreshSzalonAdmin", "FreshSzalonAdmin\FreshSzalonAdmin.csproj", "{8EC70CAF-5F18-47FD-813E-8514C3C86880}"
EndProject
Global
	GlobalSection(SolutionConfigurationPlatforms) = preSolution
		Debug|Any CPU = Debug|Any CPU
		Release|Any CPU = Release|Any CPU
	EndGlobalSection
	GlobalSection(ProjectConfigurationPlatforms) = postSolution
		{8EC70CAF-5F18-47FD-813E-8514C3C86880}.Debug|Any CPU.ActiveCfg = Debug|Any CPU
		{8EC70CAF-5F18-47FD-813E-8514C3C86880}.Debug|Any CPU.Build.0 = Debug|Any CPU
		{8EC70CAF-5F18-47FD-813E-8514C3C86880}.Release|Any CPU.ActiveCfg = Release|Any CPU
		{8EC70CAF-5F18-47FD-813E-8514C3C86880}.Release|Any CPU.Build.0 = Release|Any CPU
	EndGlobalSection
	GlobalSection(SolutionProperties) = preSolution
		HideSolutionNode = FALSE
	EndGlobalSection
	GlobalSection(ExtensibilityGlobals) = postSolution
		SolutionGuid = {CEC4BABD-104C-45A4-9C6A-70A50732242D}
	EndGlobalSection
EndGlobal
